
Microsoft Visual Studio Solution File, Format Version 11.00
# Visual Studio 2010
Project("{FAE04EC0-301F-11D3-BF4B-00C04F79EFBC}") = "WindowsFormsApplication1", "WindowsFormsApplication1\WindowsFormsApplication1.csproj", "{B2CD7D42-EE94-4F50-89E0-28948B7D2432}"
EndProject
Project("{FAE04EC0-301F-11D3-BF4B-00C04F79EFBC}") = "MyLibraryOfCollection", "ClassLibrary1\MyLibraryOfCollection.csproj", "{09859547-583B-49BD-9746-7BB3D83A807A}"
EndProject
Global
	GlobalSection(SolutionConfigurationPlatforms) = preSolution
		Debug|Any CPU = Debug|Any CPU
		Release|Any CPU = Release|Any CPU
	EndGlobalSection
	GlobalSection(ProjectConfigurationPlatforms) = postSolution
		{B2CD7D42-EE94-4F50-89E0-28948B7D2432}.Debug|Any CPU.ActiveCfg = Debug|Any CPU
		{B2CD7D42-EE94-4F50-89E0-28948B7D2432}.Debug|Any CPU.Build.0 = Debug|Any CPU
		{B2CD7D42-EE94-4F50-89E0-28948B7D2432}.Release|Any CPU.ActiveCfg = Release|Any CPU
		{B2CD7D42-EE94-4F50-89E0-28948B7D2432}.Release|Any CPU.Build.0 = Release|Any CPU
		{09859547-583B-49BD-9746-7BB3D83A807A}.Debug|Any CPU.ActiveCfg = Debug|Any CPU
		{09859547-583B-49BD-9746-7BB3D83A807A}.Debug|Any CPU.Build.0 = Debug|Any CPU
		{09859547-583B-49BD-9746-7BB3D83A807A}.Release|Any CPU.ActiveCfg = Release|Any CPU
		{09859547-583B-49BD-9746-7BB3D83A807A}.Release|Any CPU.Build.0 = Release|Any CPU
	EndGlobalSection
	GlobalSection(SolutionProperties) = preSolution
		HideSolutionNode = FALSE
	EndGlobalSection
EndGlobal
