
Microsoft Visual Studio Solution File, Format Version 11.00
# Visual Studio 2010
Project("{FAE04EC0-301F-11D3-BF4B-00C04F79EFBC}") = "QueueByStack", "QueueByStack\QueueByStack.csproj", "{78F61E6F-88CE-45EE-B74E-55EE295BEB82}"
EndProject
Global
	GlobalSection(SolutionConfigurationPlatforms) = preSolution
		Debug|x86 = Debug|x86
		Release|x86 = Release|x86
	EndGlobalSection
	GlobalSection(ProjectConfigurationPlatforms) = postSolution
		{78F61E6F-88CE-45EE-B74E-55EE295BEB82}.Debug|x86.ActiveCfg = Debug|x86
		{78F61E6F-88CE-45EE-B74E-55EE295BEB82}.Debug|x86.Build.0 = Debug|x86
		{78F61E6F-88CE-45EE-B74E-55EE295BEB82}.Release|x86.ActiveCfg = Release|x86
		{78F61E6F-88CE-45EE-B74E-55EE295BEB82}.Release|x86.Build.0 = Release|x86
	EndGlobalSection
	GlobalSection(SolutionProperties) = preSolution
		HideSolutionNode = FALSE
	EndGlobalSection
EndGlobal
