
Microsoft Visual Studio Solution File, Format Version 11.00
# Visual Studio 2010
Project("{FAE04EC0-301F-11D3-BF4B-00C04F79EFBC}") = "Laba4_OS_FileInfo", "Laba4_OS_FileInfo\Laba4_OS_FileInfo.csproj", "{D17C7546-DB21-4DA0-B505-FE0D975B727A}"
EndProject
Global
	GlobalSection(SolutionConfigurationPlatforms) = preSolution
		Debug|x86 = Debug|x86
		Release|x86 = Release|x86
	EndGlobalSection
	GlobalSection(ProjectConfigurationPlatforms) = postSolution
		{D17C7546-DB21-4DA0-B505-FE0D975B727A}.Debug|x86.ActiveCfg = Debug|x86
		{D17C7546-DB21-4DA0-B505-FE0D975B727A}.Debug|x86.Build.0 = Debug|x86
		{D17C7546-DB21-4DA0-B505-FE0D975B727A}.Release|x86.ActiveCfg = Release|x86
		{D17C7546-DB21-4DA0-B505-FE0D975B727A}.Release|x86.Build.0 = Release|x86
	EndGlobalSection
	GlobalSection(SolutionProperties) = preSolution
		HideSolutionNode = FALSE
	EndGlobalSection
EndGlobal
